# THIS IS AN AUTOGENERATED FILE. DO NOT EDIT THIS FILE DIRECTLY.
assets/No_Image_2.png:
  development: 2018-02-20T23:08:52-05:00   345df548bfc91a93fb707cbd13468564
assets/arrow-dark.png:
  development: 2018-02-20T23:08:52-05:00   8a77f6152f2c9c609778cc81b8a41a2b
assets/arrow-light.png:
  development: 2018-02-20T23:08:53-05:00   5784ffeb22e4a695e7f98c9fd892d134
assets/blank.gif:
  development: 2018-02-20T23:08:53-05:00   325472601571f31e1bf00674c368d335
assets/blankslate-producticon.png:
  development: 2018-02-20T23:08:53-05:00   7ddce8bab207fc3d20fe8423a3cea9c8
assets/checkout.css.liquid:
  development: 2018-02-20T23:08:53-05:00   c1610a7c83d03bfe9d473cb2b3c6bf7f
assets/fancybox-x.png:
  development: 2018-02-20T23:08:53-05:00   168696d8a694214090ef90e029cdf393
assets/fancybox.png:
  development: 2018-02-20T23:08:53-05:00   d04675e17f3c6c2581742eb4e79c6582
assets/fancybox_loading.gif:
  development: 2018-02-20T23:08:53-05:00   328cc0f6c78211485058d460e80f4fa8
assets/fancybox_loading@2x.gif:
  development: 2018-02-20T23:08:53-05:00   f92938639fa894a0e8ded1c3368abe98
assets/fancybox_sprite.png:
  development: 2018-02-20T23:08:53-05:00   783d4031fe50c3d83c960911e1fbc705
assets/fancybox_sprite@2x.png:
  development: 2018-02-20T23:08:53-05:00   ed9970ce22242421e66ff150aa97fe5f
assets/fp_image_1.jpg:
  development: 2018-02-20T23:08:53-05:00   546088e37590592008b2f2eb84da3c1c
assets/fp_image_2.jpg:
  development: 2018-02-20T23:08:53-05:00   546088e37590592008b2f2eb84da3c1c
assets/fp_image_3.jpg:
  development: 2018-02-20T23:08:54-05:00   546088e37590592008b2f2eb84da3c1c
assets/html5shiv.js:
  development: 2018-02-20T23:08:54-05:00   d5e37d8ee1a4ce73ad47f1614adce449
assets/icon-cart-small.png:
  development: 2018-02-20T23:08:54-05:00   338ff02fd61954c2510cfed5c6e1e0cb
assets/icon-cart.png:
  development: 2018-02-20T23:08:54-05:00   e40a7f673ce91307bde80761c0071bb1
assets/icon-cc-amex.png:
  development: 2018-02-20T23:08:54-05:00   2d74dddb4782d69d463bbdce9763d4d0
assets/icon-cc-bitcoin.png:
  development: 2018-02-20T23:08:54-05:00   07a895008be0e58985a6e1548bf9e5d2
assets/icon-cc-discover.png:
  development: 2018-02-20T23:08:54-05:00   fd4141c90828d458e357f76948c78bb4
assets/icon-cc-google.png:
  development: 2018-02-20T23:08:54-05:00   280a3b8f26197c7e0d50ef236469de17
assets/icon-cc-mastercard.png:
  development: 2018-02-20T23:08:54-05:00   2a1c8d65125dec498a4a113d3749497d
assets/icon-cc-paypal.png:
  development: 2018-02-20T23:08:54-05:00   df7f51478c98b9d33da5dba4518c95d7
assets/icon-cc-visa.png:
  development: 2018-02-20T23:08:54-05:00   9e31051b662cf08e8b9c850a751b08c1
assets/icon-search-light.png:
  development: 2018-02-20T23:08:55-05:00   f1b1f102816da052dca914d04310e4cf
assets/icon-search.png:
  development: 2018-02-20T23:08:55-05:00   17996ba0472e491aebe34fb7d503b3f7
assets/jquery-migrate-1.2.0.min.js:
  development: 2018-02-20T23:08:55-05:00   c6cacd9f9266bc1d9c31c6fe30b56e36
assets/jquery.backstretch.min.js:
  development: 2018-02-20T23:08:55-05:00   9864c8c47e5cf14e5ffc729f4b5bebed
assets/jquery.fancybox.js:
  development: 2018-02-20T23:08:55-05:00   7565881147cef4e6b0c7de9ab11bace8
assets/jquery.flexslider-min.js:
  development: 2018-02-20T23:08:55-05:00   3ec345051d717bbe62cf73dff5032881
assets/jquery.tweet.js.liquid:
  development: 2018-02-20T23:08:55-05:00   0a35c10d4fa0a406c5320ffe107b9d49
assets/jquery.zoom.js:
  development: 2018-02-20T23:08:55-05:00   198ad155033987c047ca3a20d70ef76c
assets/password-page-background.jpg:
  development: 2018-02-20T23:08:55-05:00   4d5821272f875e5c11dd3a8c8e1d6133
assets/product-1.png:
  development: 2018-02-20T23:08:55-05:00   606056fd20e1aeed49146574080dd2f4
assets/product-2.png:
  development: 2018-02-20T23:08:55-05:00   db97f84dbe8a09887f2abdb654a856e7
assets/product-3.png:
  development: 2018-02-20T23:08:55-05:00   69cfe7cbb64c79553c0c4de2012bb378
assets/product-4.png:
  development: 2018-02-20T23:08:56-05:00   5167fff8f4fae7f6222b900a85fed94c
assets/product-5.png:
  development: 2018-02-20T23:08:56-05:00   d90037d937cd14c17dc57ee8f1eda827
assets/product-6.png:
  development: 2018-02-20T23:08:56-05:00   f5bfadedb46e078c14f1108e6c3e2859
assets/scripts.js.liquid:
  development: 2018-02-20T23:08:56-05:00   38e13b7401f6d51c484bdd3ee1b4967b
assets/slider-arrows.png:
  development: 2018-02-20T23:08:56-05:00   6e7d871e861cf3ab9cd5ca4969128949
assets/slideshow_1.jpg:
  development: 2018-02-20T23:08:56-05:00   63e72c8f970ce4490427748e9a3e1a90
assets/slideshow_2.jpg:
  development: 2018-02-20T23:08:56-05:00   ced56458a47dfef9caf3109da26f7784
assets/social-buttons.js.liquid:
  development: 2018-02-20T23:08:56-05:00   6e8feb778deb0e3b99a57376e89c6936
assets/social-buttons.scss.liquid:
  development: 2018-02-20T23:08:56-05:00   97f7e709b1a51188d90c30d38e29b968
assets/social-icons-dark-bg.png:
  development: 2018-02-20T23:08:56-05:00   174a495389770f51e351e2d667171243
assets/social-icons-light-bg.png:
  development: 2018-02-20T23:08:56-05:00   ac3665f0727760bf5d84004b8687e3f0
assets/social-icons.eot:
  development: 2018-02-20T23:08:57-05:00   437e13f33892e8ead20e8aa30925899b
assets/social-icons.json:
  development: 2018-02-20T23:08:57-05:00   4bd41b70b3507491d648c1c8e814e33e
assets/social-icons.svg:
  development: 2018-02-20T23:08:57-05:00   3068e8fd138b0e083a785d4b53d77157
assets/social-icons.ttf:
  development: 2018-02-20T23:08:57-05:00   0466b7a9ccac94e7b50db213c3b65e08
assets/social-icons.woff:
  development: 2018-02-20T23:08:57-05:00   8b2669e834ed1848c747539f7e5337c3
assets/styles.scss.liquid:
  development: 2018-02-20T23:08:57-05:00   b398f06e7845c6685dc0f6fcb027275a
config/settings_data.json:
  development: 2018-02-20T23:08:59-05:00   be29f0d552a8aa1eeaa505f686af048f
config/settings_schema.json:
  development: 2018-02-20T23:08:59-05:00   a3ef0d2b2baacb4957b7e1e2f40da7e5
layout/theme.liquid:
  development: 2018-02-23T00:19:13-05:00   a6cc042202357cd40c8eae9126c5d44f
locales/de.json:
  development: 2018-02-20T23:08:57-05:00   3d7ab708d9cb99aba46687c9245d4139
locales/en.default.json:
  development: 2018-02-20T23:08:57-05:00   c6f366f7bc6b4a5318fcfe06db141c81
locales/es.json:
  development: 2018-02-20T23:08:57-05:00   b8ffcdb37dc357c35aa5e6ad3f438a3d
locales/fr.json:
  development: 2018-02-20T23:08:57-05:00   ca87f4ea0d21096528ccddeedce36e2b
locales/pt-BR.json:
  development: 2018-02-20T23:08:57-05:00   928a997cb9ed7898e4c5ecdef3752f93
locales/pt-PT.json:
  development: 2018-02-20T23:08:57-05:00   8372eb6b18003399cefb444126426f1a
snippets/bk-tracking.liquid:
  development: 2018-02-20T23:08:58-05:00   d638ec9d871c09c8b0bfb3ecd5ec3340
snippets/blog_sidebar.liquid:
  development: 2018-02-20T23:08:58-05:00   3fc611a943f214954aacad203c735cdc
snippets/collection-loop.liquid:
  development: 2018-02-20T23:08:58-05:00   f3551a4e7961610d91865beeb7e169da
snippets/customer_links.liquid:
  development: 2018-02-20T23:08:58-05:00   e31650e63a8d9c86dc6a7fc31af6ffad
snippets/dropdown.liquid:
  development: 2018-02-20T23:08:58-05:00   5f9929c74e7b019a8a3504010ead764d
snippets/fb-open-graph-tags.liquid:
  development: 2018-02-20T23:08:58-05:00   4e6548d3eff1eecc303a74414dd22370
snippets/helper-default-products.liquid:
  development: 2018-02-20T23:08:58-05:00   3a2a2c3cfa2f5c787088796e8a6f0115
snippets/helper-homepage-products.liquid:
  development: 2018-02-20T23:08:58-05:00   dd27b509040d00bab3ba4c6346fe8e47
snippets/mobile-menu.liquid:
  development: 2018-02-20T23:08:58-05:00   fe4a9cf85468464d6bc10333fcfc3c1c
snippets/pagination.liquid:
  development: 2018-02-20T23:08:58-05:00   511f015591906f585b6d0718eba91ee1
snippets/product-loop.liquid:
  development: 2018-02-20T23:08:58-05:00   c8aebb46afe6dcb03cd0704e33038c67
snippets/product.liquid:
  development: 2018-02-23T00:31:46-05:00   fcddc55a3fac819d81ac27ea559f35e9
snippets/related-products.liquid:
  development: 2018-02-20T23:08:58-05:00   9e7a783e3d30a458174cffc779fe1a48
snippets/social-sharing.liquid:
  development: 2018-02-20T23:08:58-05:00   c5eae082f04221811e05c6c282843568
snippets/svg-definitions.liquid:
  development: 2018-02-20T23:08:58-05:00   a64419e7c0393ae97b27a3a46ccaaf80
snippets/twitter-card.liquid:
  development: 2018-02-20T23:08:58-05:00   f5ceb4cc01d48600c2cad8242ebd6f15
snippets/wholesaler-product-price.liquid:
  development: 2018-02-20T23:14:51-05:00   5ace558e6f55d88d937e220a432ded73
snippets/wholesaler-variant-select.liquid:
  development: 2018-02-20T23:14:51-05:00   dfe4adf6405e6f9098ed2ae775e24be6
templates/404.liquid:
  development: 2018-02-20T23:08:58-05:00   545821f790da094b9a4e9b3cd809d611
templates/article.liquid:
  development: 2018-02-20T23:08:58-05:00   cc0e19c23296ec2170cbccb7cbc20be2
templates/blog.liquid:
  development: 2018-02-20T23:08:58-05:00   36265c1498b5deb8c2922e7d22afe764
templates/cart.liquid:
  development: 2018-02-20T23:08:58-05:00   e09f4ed862313b71b5a5cc3f17cea94e
templates/collection.liquid:
  development: 2018-02-20T23:08:58-05:00   9adbdfeeb07ac30bcbf6a968bc0369d8
templates/customers/account.liquid:
  development: 2018-02-20T23:08:58-05:00   f872dda17e321d58da72586077be959a
templates/customers/activate_account.liquid:
  development: 2018-02-20T23:08:59-05:00   bdca59df588095d65777ac48403574b8
templates/customers/addresses.liquid:
  development: 2018-02-20T23:08:59-05:00   0e829f316dcc866d5a03c8ea402a384a
templates/customers/login.liquid:
  development: 2018-02-20T23:08:59-05:00   22c51632e4df777b7899c5250c8cdb91
templates/customers/order.liquid:
  development: 2018-02-20T23:08:59-05:00   518571232bc3cdc8729df02d13810e12
templates/customers/register.liquid:
  development: 2018-02-20T23:08:59-05:00   eb325d9fb7b29921a76e07635a777dd4
templates/customers/reset_password.liquid:
  development: 2018-02-20T23:08:59-05:00   13eff10fe6005c5f3f2b1dd85316ec08
templates/gift_card.liquid:
  development: 2018-02-20T23:08:59-05:00   cea948a7d5f19fc6141c6bc3ed1e5adc
templates/index.liquid:
  development: 2018-02-20T23:08:59-05:00   e29abfc0d9626b8182208ff341de1b98
templates/list-collections.liquid:
  development: 2018-02-20T23:08:59-05:00   ec1de77fc7519ac4b2436717d478b5c2
templates/page.contact.liquid:
  development: 2018-02-20T23:08:59-05:00   a824a3eb75472fe1236bd442943bc8f3
templates/page.liquid:
  development: 2018-02-20T23:08:59-05:00   0e8ab0e73482f18cd1c6655bf4deac2e
templates/password.liquid:
  development: 2018-02-20T23:08:59-05:00   8a76eab4dec802860eb6958b344399f1
templates/product.liquid:
  development: 2018-02-20T23:08:59-05:00   b752e03097f0e37dfd39d9015629835c
templates/search.liquid:
  development: 2018-02-20T23:08:59-05:00   356822a329ceef475599573e4783dc0d
